
Microsoft Visual Studio Solution File, Format Version 12.00
# Visual Studio Version 16
VisualStudioVersion = 16.0.29418.71
MinimumVisualStudioVersion = 10.0.40219.1
Project("{FAE04EC0-301F-11D3-BF4B-00C04F79EFBC}") = "homework10", "homework9\homework10.csproj", "{F9244FB5-B4CE-486F-A49F-7AEA3181337A}"
EndProject
Global
	GlobalSection(SolutionConfigurationPlatforms) = preSolution
		Debug|Any CPU = Debug|Any CPU
		Release|Any CPU = Release|Any CPU
	EndGlobalSection
	GlobalSection(ProjectConfigurationPlatforms) = postSolution
		{F9244FB5-B4CE-486F-A49F-7AEA3181337A}.Debug|Any CPU.ActiveCfg = Debug|Any CPU
		{F9244FB5-B4CE-486F-A49F-7AEA3181337A}.Debug|Any CPU.Build.0 = Debug|Any CPU
		{F9244FB5-B4CE-486F-A49F-7AEA3181337A}.Release|Any CPU.ActiveCfg = Release|Any CPU
		{F9244FB5-B4CE-486F-A49F-7AEA3181337A}.Release|Any CPU.Build.0 = Release|Any CPU
	EndGlobalSection
	GlobalSection(SolutionProperties) = preSolution
		HideSolutionNode = FALSE
	EndGlobalSection
	GlobalSection(ExtensibilityGlobals) = postSolution
		SolutionGuid = {9B07C1B6-4AAF-4A91-AD75-92B691E60F3C}
	EndGlobalSection
EndGlobal
