
Microsoft Visual Studio Solution File, Format Version 12.00
# Visual Studio Version 16
VisualStudioVersion = 16.0.29418.71
MinimumVisualStudioVersion = 10.0.40219.1
Project("{FAE04EC0-301F-11D3-BF4B-00C04F79EFBC}") = "homework7", "homework7\homework7.csproj", "{B58447EA-3DDF-434A-933F-45C50E9B9DEE}"
EndProject
Global
	GlobalSection(SolutionConfigurationPlatforms) = preSolution
		Debug|Any CPU = Debug|Any CPU
		Release|Any CPU = Release|Any CPU
	EndGlobalSection
	GlobalSection(ProjectConfigurationPlatforms) = postSolution
		{B58447EA-3DDF-434A-933F-45C50E9B9DEE}.Debug|Any CPU.ActiveCfg = Debug|Any CPU
		{B58447EA-3DDF-434A-933F-45C50E9B9DEE}.Debug|Any CPU.Build.0 = Debug|Any CPU
		{B58447EA-3DDF-434A-933F-45C50E9B9DEE}.Release|Any CPU.ActiveCfg = Release|Any CPU
		{B58447EA-3DDF-434A-933F-45C50E9B9DEE}.Release|Any CPU.Build.0 = Release|Any CPU
	EndGlobalSection
	GlobalSection(SolutionProperties) = preSolution
		HideSolutionNode = FALSE
	EndGlobalSection
	GlobalSection(ExtensibilityGlobals) = postSolution
		SolutionGuid = {1FC38305-ED3D-49D8-ABE8-787EA3908CD4}
	EndGlobalSection
EndGlobal
