
Microsoft Visual Studio Solution File, Format Version 12.00
# Visual Studio Version 16
VisualStudioVersion = 16.0.29418.71
MinimumVisualStudioVersion = 10.0.40219.1
Project("{9A19103F-16F7-4668-BE54-9A1E7A4F7556}") = "Task1", "HomeWork4\Task1.csproj", "{28D5B6A8-6557-4536-800C-4DAA2F06D2BB}"
EndProject
Project("{FAE04EC0-301F-11D3-BF4B-00C04F79EFBC}") = "Task2", "Task2\Task2.csproj", "{34C6C55C-6391-4B74-9645-20A126D67F6D}"
EndProject
Global
	GlobalSection(SolutionConfigurationPlatforms) = preSolution
		Debug|Any CPU = Debug|Any CPU
		Release|Any CPU = Release|Any CPU
	EndGlobalSection
	GlobalSection(ProjectConfigurationPlatforms) = postSolution
		{28D5B6A8-6557-4536-800C-4DAA2F06D2BB}.Debug|Any CPU.ActiveCfg = Debug|Any CPU
		{28D5B6A8-6557-4536-800C-4DAA2F06D2BB}.Debug|Any CPU.Build.0 = Debug|Any CPU
		{28D5B6A8-6557-4536-800C-4DAA2F06D2BB}.Release|Any CPU.ActiveCfg = Release|Any CPU
		{28D5B6A8-6557-4536-800C-4DAA2F06D2BB}.Release|Any CPU.Build.0 = Release|Any CPU
		{34C6C55C-6391-4B74-9645-20A126D67F6D}.Debug|Any CPU.ActiveCfg = Debug|Any CPU
		{34C6C55C-6391-4B74-9645-20A126D67F6D}.Debug|Any CPU.Build.0 = Debug|Any CPU
		{34C6C55C-6391-4B74-9645-20A126D67F6D}.Release|Any CPU.ActiveCfg = Release|Any CPU
		{34C6C55C-6391-4B74-9645-20A126D67F6D}.Release|Any CPU.Build.0 = Release|Any CPU
	EndGlobalSection
	GlobalSection(SolutionProperties) = preSolution
		HideSolutionNode = FALSE
	EndGlobalSection
	GlobalSection(ExtensibilityGlobals) = postSolution
		SolutionGuid = {E7EDC43E-DECC-4929-97FA-6CF98E0537B1}
	EndGlobalSection
EndGlobal
