
Microsoft Visual Studio Solution File, Format Version 12.00
# Visual Studio Version 16
VisualStudioVersion = 16.0.29418.71
MinimumVisualStudioVersion = 10.0.40219.1
Project("{FAE04EC0-301F-11D3-BF4B-00C04F79EFBC}") = "homework11", "homework11\homework11.csproj", "{BE9640A5-E9BE-4DAC-B4E2-195A9A5A5FC7}"
EndProject
Project("{FAE04EC0-301F-11D3-BF4B-00C04F79EFBC}") = "OrderSQL", "C:\Users\84125\source\repos\homework8\homework8\OrderSQL.csproj", "{34AEB99B-AF3E-45D5-A862-881C5A82AF63}"
EndProject
Global
	GlobalSection(SolutionConfigurationPlatforms) = preSolution
		Debug|Any CPU = Debug|Any CPU
		Release|Any CPU = Release|Any CPU
	EndGlobalSection
	GlobalSection(ProjectConfigurationPlatforms) = postSolution
		{BE9640A5-E9BE-4DAC-B4E2-195A9A5A5FC7}.Debug|Any CPU.ActiveCfg = Debug|Any CPU
		{BE9640A5-E9BE-4DAC-B4E2-195A9A5A5FC7}.Debug|Any CPU.Build.0 = Debug|Any CPU
		{BE9640A5-E9BE-4DAC-B4E2-195A9A5A5FC7}.Release|Any CPU.ActiveCfg = Release|Any CPU
		{BE9640A5-E9BE-4DAC-B4E2-195A9A5A5FC7}.Release|Any CPU.Build.0 = Release|Any CPU
		{34AEB99B-AF3E-45D5-A862-881C5A82AF63}.Debug|Any CPU.ActiveCfg = Debug|Any CPU
		{34AEB99B-AF3E-45D5-A862-881C5A82AF63}.Debug|Any CPU.Build.0 = Debug|Any CPU
		{34AEB99B-AF3E-45D5-A862-881C5A82AF63}.Release|Any CPU.ActiveCfg = Release|Any CPU
		{34AEB99B-AF3E-45D5-A862-881C5A82AF63}.Release|Any CPU.Build.0 = Release|Any CPU
	EndGlobalSection
	GlobalSection(SolutionProperties) = preSolution
		HideSolutionNode = FALSE
	EndGlobalSection
	GlobalSection(ExtensibilityGlobals) = postSolution
		SolutionGuid = {284C2BC7-9124-4573-BBC2-A64323754AB8}
	EndGlobalSection
EndGlobal
